// !$*UTF8*$!
{
	archiveVersion = 1;
	classes = {
	};
	objectVersion = 46;
	objects = {

/* Begin PBXBuildFile section */
		AC2A02411D0F31D60010C952 /* main.m in Sources */ = {isa = PBXBuildFile; fileRef = AC2A02401D0F31D60010C952 /* main.m */; };
		AC2A02441D0F31D60010C952 /* AppDelegate.m in Sources */ = {isa = PBXBuildFile; fileRef = AC2A02431D0F31D60010C952 /* AppDelegate.m */; };
		AC2A02471D0F31D60010C952 /* MasterViewController.m in Sources */ = {isa = PBXBuildFile; fileRef = AC2A02461D0F31D60010C952 /* MasterViewController.m */; };
		AC2A024A1D0F31D60010C952 /* DetailViewController.m in Sources */ = {isa = PBXBuildFile; fileRef = AC2A02491D0F31D60010C952 /* DetailViewController.m */; };
		AC2A024D1D0F31D60010C952 /* Main.storyboard in Resources */ = {isa = PBXBuildFile; fileRef = AC2A024B1D0F31D60010C952 /* Main.storyboard */; };
		AC2A024F1D0F31D60010C952 /* Assets.xcassets in Resources */ = {isa = PBXBuildFile; fileRef = AC2A024E1D0F31D60010C952 /* Assets.xcassets */; };
		AC2A02521D0F31D60010C952 /* LaunchScreen.storyboard in Resources */ = {isa = PBXBuildFile; fileRef = AC2A02501D0F31D60010C952 /* LaunchScreen.storyboard */; };
		AC2A025D1D0F31D60010C952 /* Project3Tests.m in Sources */ = {isa = PBXBuildFile; fileRef = AC2A025C1D0F31D60010C952 /* Project3Tests.m */; };
		AC2A02681D0F31D60010C952 /* Project3UITests.m in Sources */ = {isa = PBXBuildFile; fileRef = AC2A02671D0F31D60010C952 /* Project3UITests.m */; };
		AC2A02771D0FA0690010C952 /* Event.m in Sources */ = {isa = PBXBuildFile; fileRef = AC2A02761D0FA0690010C952 /* Event.m */; };
		AC2A027D1D10CAB30010C952 /* ViewController.m in Sources */ = {isa = PBXBuildFile; fileRef = AC2A027C1D10CAB30010C952 /* ViewController.m */; };
/* End PBXBuildFile section */

/* Begin PBXContainerItemProxy section */
		AC2A02591D0F31D60010C952 /* PBXContainerItemProxy */ = {
			isa = PBXContainerItemProxy;
			containerPortal = AC2A02341D0F31D60010C952 /* Project object */;
			proxyType = 1;
			remoteGlobalIDString = AC2A023B1D0F31D60010C952;
			remoteInfo = Project3;
		};
		AC2A02641D0F31D60010C952 /* PBXContainerItemProxy */ = {
			isa = PBXContainerItemProxy;
			containerPortal = AC2A02341D0F31D60010C952 /* Project object */;
			proxyType = 1;
			remoteGlobalIDString = AC2A023B1D0F31D60010C952;
			remoteInfo = Project3;
		};
/* End PBXContainerItemProxy section */

/* Begin PBXFileReference section */
		AC2A023C1D0F31D60010C952 /* Project3.app */ = {isa = PBXFileReference; explicitFileType = wrapper.application; includeInIndex = 0; path = Project3.app; sourceTree = BUILT_PRODUCTS_DIR; };
		AC2A02401D0F31D60010C952 /* main.m */ = {isa = PBXFileReference; lastKnownFileType = sourcecode.c.objc; path = main.m; sourceTree = "<group>"; };
		AC2A02421D0F31D60010C952 /* AppDelegate.h */ = {isa = PBXFileReference; lastKnownFileType = sourcecode.c.h; path = AppDelegate.h; sourceTree = "<group>"; };
		AC2A02431D0F31D60010C952 /* AppDelegate.m */ = {isa = PBXFileReference; lastKnownFileType = sourcecode.c.objc; path = AppDelegate.m; sourceTree = "<group>"; };
		AC2A02451D0F31D60010C952 /* MasterViewController.h */ = {isa = PBXFileReference; lastKnownFileType = sourcecode.c.h; path = MasterViewController.h; sourceTree = "<group>"; };
		AC2A02461D0F31D60010C952 /* MasterViewController.m */ = {isa = PBXFileReference; lastKnownFileType = sourcecode.c.objc; path = MasterViewController.m; sourceTree = "<group>"; };
		AC2A02481D0F31D60010C952 /* DetailViewController.h */ = {isa = PBXFileReference; lastKnownFileType = sourcecode.c.h; path = DetailViewController.h; sourceTree = "<group>"; };
		AC2A02491D0F31D60010C952 /* DetailViewController.m */ = {isa = PBXFileReference; lastKnownFileType = sourcecode.c.objc; path = DetailViewController.m; sourceTree = "<group>"; };
		AC2A024C1D0F31D60010C952 /* Base */ = {isa = PBXFileReference; lastKnownFileType = file.storyboard; name = Base; path = Base.lproj/Main.storyboard; sourceTree = "<group>"; };
		AC2A024E1D0F31D60010C952 /* Assets.xcassets */ = {isa = PBXFileReference; lastKnownFileType = folder.assetcatalog; path = Assets.xcassets; sourceTree = "<group>"; };
		AC2A02511D0F31D60010C952 /* Base */ = {isa = PBXFileReference; lastKnownFileType = file.storyboard; name = Base; path = Base.lproj/LaunchScreen.storyboard; sourceTree = "<group>"; };
		AC2A02531D0F31D60010C952 /* Info.plist */ = {isa = PBXFileReference; lastKnownFileType = text.plist.xml; path = Info.plist; sourceTree = "<group>"; };
		AC2A02581D0F31D60010C952 /* Project3Tests.xctest */ = {isa = PBXFileReference; explicitFileType = wrapper.cfbundle; includeInIndex = 0; path = Project3Tests.xctest; sourceTree = BUILT_PRODUCTS_DIR; };
		AC2A025C1D0F31D60010C952 /* Project3Tests.m */ = {isa = PBXFileReference; lastKnownFileType = sourcecode.c.objc; path = Project3Tests.m; sourceTree = "<group>"; };
		AC2A025E1D0F31D60010C952 /* Info.plist */ = {isa = PBXFileReference; lastKnownFileType = text.plist.xml; path = Info.plist; sourceTree = "<group>"; };
		AC2A02631D0F31D60010C952 /* Project3UITests.xctest */ = {isa = PBXFileReference; explicitFileType = wrapper.cfbundle; includeInIndex = 0; path = Project3UITests.xctest; sourceTree = BUILT_PRODUCTS_DIR; };
		AC2A02671D0F31D60010C952 /* Project3UITests.m */ = {isa = PBXFileReference; lastKnownFileType = sourcecode.c.objc; path = Project3UITests.m; sourceTree = "<group>"; };
		AC2A02691D0F31D60010C952 /* Info.plist */ = {isa = PBXFileReference; lastKnownFileType = text.plist.xml; path = Info.plist; sourceTree = "<group>"; };
		AC2A02751D0FA0690010C952 /* Event.h */ = {isa = PBXFileReference; fileEncoding = 4; lastKnownFileType = sourcecode.c.h; path = Event.h; sourceTree = "<group>"; };
		AC2A02761D0FA0690010C952 /* Event.m */ = {isa = PBXFileReference; fileEncoding = 4; lastKnownFileType = sourcecode.c.objc; path = Event.m; sourceTree = "<group>"; };
		AC2A027B1D10CAB30010C952 /* ViewController.h */ = {isa = PBXFileReference; fileEncoding = 4; lastKnownFileType = sourcecode.c.h; path = ViewController.h; sourceTree = "<group>"; };
		AC2A027C1D10CAB30010C952 /* ViewController.m */ = {isa = PBXFileReference; fileEncoding = 4; lastKnownFileType = sourcecode.c.objc; path = ViewController.m; sourceTree = "<group>"; };
/* End PBXFileReference section */

/* Begin PBXFrameworksBuildPhase section */
		AC2A02391D0F31D60010C952 /* Frameworks */ = {
			isa = PBXFrameworksBuildPhase;
			buildActionMask = 2147483647;
			files = (
			);
			runOnlyForDeploymentPostprocessing = 0;
		};
		AC2A02551D0F31D60010C952 /* Frameworks */ = {
			isa = PBXFrameworksBuildPhase;
			buildActionMask = 2147483647;
			files = (
			);
			runOnlyForDeploymentPostprocessing = 0;
		};
		AC2A02601D0F31D60010C952 /* Frameworks */ = {
			isa = PBXFrameworksBuildPhase;
			buildActionMask = 2147483647;
			files = (
			);
			runOnlyForDeploymentPostprocessing = 0;
		};
/* End PBXFrameworksBuildPhase section */

/* Begin PBXGroup section */
		AC2A02331D0F31D60010C952 = {
			isa = PBXGroup;
			children = (
				AC2A023E1D0F31D60010C952 /* Project3 */,
				AC2A025B1D0F31D60010C952 /* Project3Tests */,
				AC2A02661D0F31D60010C952 /* Project3UITests */,
				AC2A023D1D0F31D60010C952 /* Products */,
			);
			sourceTree = "<group>";
		};
		AC2A023D1D0F31D60010C952 /* Products */ = {
			isa = PBXGroup;
			children = (
				AC2A023C1D0F31D60010C952 /* Project3.app */,
				AC2A02581D0F31D60010C952 /* Project3Tests.xctest */,
				AC2A02631D0F31D60010C952 /* Project3UITests.xctest */,
			);
			name = Products;
			sourceTree = "<group>";
		};
		AC2A023E1D0F31D60010C952 /* Project3 */ = {
			isa = PBXGroup;
			children = (
				AC2A02421D0F31D60010C952 /* AppDelegate.h */,
				AC2A02431D0F31D60010C952 /* AppDelegate.m */,
				AC2A02451D0F31D60010C952 /* MasterViewController.h */,
				AC2A02461D0F31D60010C952 /* MasterViewController.m */,
				AC2A027B1D10CAB30010C952 /* ViewController.h */,
				AC2A027C1D10CAB30010C952 /* ViewController.m */,
				AC2A02751D0FA0690010C952 /* Event.h */,
				AC2A02761D0FA0690010C952 /* Event.m */,
				AC2A02481D0F31D60010C952 /* DetailViewController.h */,
				AC2A02491D0F31D60010C952 /* DetailViewController.m */,
				AC2A024B1D0F31D60010C952 /* Main.storyboard */,
				AC2A024E1D0F31D60010C952 /* Assets.xcassets */,
				AC2A02501D0F31D60010C952 /* LaunchScreen.storyboard */,
				AC2A02531D0F31D60010C952 /* Info.plist */,
				AC2A023F1D0F31D60010C952 /* Supporting Files */,
			);
			path = Project3;
			sourceTree = "<group>";
		};
		AC2A023F1D0F31D60010C952 /* Supporting Files */ = {
			isa = PBXGroup;
			children = (
				AC2A02401D0F31D60010C952 /* main.m */,
			);
			name = "Supporting Files";
			sourceTree = "<group>";
		};
		AC2A025B1D0F31D60010C952 /* Project3Tests */ = {
			isa = PBXGroup;
			children = (
				AC2A025C1D0F31D60010C952 /* Project3Tests.m */,
				AC2A025E1D0F31D60010C952 /* Info.plist */,
			);
			path = Project3Tests;
			sourceTree = "<group>";
		};
		AC2A02661D0F31D60010C952 /* Project3UITests */ = {
			isa = PBXGroup;
			children = (
				AC2A02671D0F31D60010C952 /* Project3UITests.m */,
				AC2A02691D0F31D60010C952 /* Info.plist */,
			);
			path = Project3UITests;
			sourceTree = "<group>";
		};
/* End PBXGroup section */

/* Begin PBXNativeTarget section */
		AC2A023B1D0F31D60010C952 /* Project3 */ = {
			isa = PBXNativeTarget;
			buildConfigurationList = AC2A026C1D0F31D60010C952 /* Build configuration list for PBXNativeTarget "Project3" */;
			buildPhases = (
				AC2A02381D0F31D60010C952 /* Sources */,
				AC2A02391D0F31D60010C952 /* Frameworks */,
				AC2A023A1D0F31D60010C952 /* Resources */,
			);
			buildRules = (
			);
			dependencies = (
			);
			name = Project3;
			productName = Project3;
			productReference = AC2A023C1D0F31D60010C952 /* Project3.app */;
			productType = "com.apple.product-type.application";
		};
		AC2A02571D0F31D60010C952 /* Project3Tests */ = {
			isa = PBXNativeTarget;
			buildConfigurationList = AC2A026F1D0F31D60010C952 /* Build configuration list for PBXNativeTarget "Project3Tests" */;
			buildPhases = (
				AC2A02541D0F31D60010C952 /* Sources */,
				AC2A02551D0F31D60010C952 /* Frameworks */,
				AC2A02561D0F31D60010C952 /* Resources */,
			);
			buildRules = (
			);
			dependencies = (
				AC2A025A1D0F31D60010C952 /* PBXTargetDependency */,
			);
			name = Project3Tests;
			productName = Project3Tests;
			productReference = AC2A02581D0F31D60010C952 /* Project3Tests.xctest */;
			productType = "com.apple.product-type.bundle.unit-test";
		};
		AC2A02621D0F31D60010C952 /* Project3UITests */ = {
			isa = PBXNativeTarget;
			buildConfigurationList = AC2A02721D0F31D60010C952 /* Build configuration list for PBXNativeTarget "Project3UITests" */;
			buildPhases = (
				AC2A025F1D0F31D60010C952 /* Sources */,
				AC2A02601D0F31D60010C952 /* Frameworks */,
				AC2A02611D0F31D60010C952 /* Resources */,
			);
			buildRules = (
			);
			dependencies = (
				AC2A02651D0F31D60010C952 /* PBXTargetDependency */,
			);
			name = Project3UITests;
			productName = Project3UITests;
			productReference = AC2A02631D0F31D60010C952 /* Project3UITests.xctest */;
			productType = "com.apple.product-type.bundle.ui-testing";
		};
/* End PBXNativeTarget section */

/* Begin PBXProject section */
		AC2A02341D0F31D60010C952 /* Project object */ = {
			isa = PBXProject;
			attributes = {
				LastUpgradeCheck = 0730;
				ORGANIZATIONNAME = "Nickolas Donnell";
				TargetAttributes = {
					AC2A023B1D0F31D60010C952 = {
						CreatedOnToolsVersion = 7.3.1;
					};
					AC2A02571D0F31D60010C952 = {
						CreatedOnToolsVersion = 7.3.1;
						TestTargetID = AC2A023B1D0F31D60010C952;
					};
					AC2A02621D0F31D60010C952 = {
						CreatedOnToolsVersion = 7.3.1;
						TestTargetID = AC2A023B1D0F31D60010C952;
					};
				};
			};
			buildConfigurationList = AC2A02371D0F31D60010C952 /* Build configuration list for PBXProject "Project3" */;
			compatibilityVersion = "Xcode 3.2";
			developmentRegion = English;
			hasScannedForEncodings = 0;
			knownRegions = (
				en,
				Base,
			);
			mainGroup = AC2A02331D0F31D60010C952;
			productRefGroup = AC2A023D1D0F31D60010C952 /* Products */;
			projectDirPath = "";
			projectRoot = "";
			targets = (
				AC2A023B1D0F31D60010C952 /* Project3 */,
				AC2A02571D0F31D60010C952 /* Project3Tests */,
				AC2A02621D0F31D60010C952 /* Project3UITests */,
			);
		};
/* End PBXProject section */

/* Begin PBXResourcesBuildPhase section */
		AC2A023A1D0F31D60010C952 /* Resources */ = {
			isa = PBXResourcesBuildPhase;
			buildActionMask = 2147483647;
			files = (
				AC2A02521D0F31D60010C952 /* LaunchScreen.storyboard in Resources */,
				AC2A024F1D0F31D60010C952 /* Assets.xcassets in Resources */,
				AC2A024D1D0F31D60010C952 /* Main.storyboard in Resources */,
			);
			runOnlyForDeploymentPostprocessing = 0;
		};
		AC2A02561D0F31D60010C952 /* Resources */ = {
			isa = PBXResourcesBuildPhase;
			buildActionMask = 2147483647;
			files = (
			);
			runOnlyForDeploymentPostprocessing = 0;
		};
		AC2A02611D0F31D60010C952 /* Resources */ = {
			isa = PBXResourcesBuildPhase;
			buildActionMask = 2147483647;
			files = (
			);
			runOnlyForDeploymentPostprocessing = 0;
		};
/* End PBXResourcesBuildPhase section */

/* Begin PBXSourcesBuildPhase section */
		AC2A02381D0F31D60010C952 /* Sources */ = {
			isa = PBXSourcesBuildPhase;
			buildActionMask = 2147483647;
			files = (
				AC2A027D1D10CAB30010C952 /* ViewController.m in Sources */,
				AC2A02441D0F31D60010C952 /* AppDelegate.m in Sources */,
				AC2A02471D0F31D60010C952 /* MasterViewController.m in Sources */,
				AC2A02771D0FA0690010C952 /* Event.m in Sources */,
				AC2A02411D0F31D60010C952 /* main.m in Sources */,
				AC2A024A1D0F31D60010C952 /* DetailViewController.m in Sources */,
			);
			runOnlyForDeploymentPostprocessing = 0;
		};
		AC2A02541D0F31D60010C952 /* Sources */ = {
			isa = PBXSourcesBuildPhase;
			buildActionMask = 2147483647;
			files = (
				AC2A025D1D0F31D60010C952 /* Project3Tests.m in Sources */,
			);
			runOnlyForDeploymentPostprocessing = 0;
		};
		AC2A025F1D0F31D60010C952 /* Sources */ = {
			isa = PBXSourcesBuildPhase;
			buildActionMask = 2147483647;
			files = (
				AC2A02681D0F31D60010C952 /* Project3UITests.m in Sources */,
			);
			runOnlyForDeploymentPostprocessing = 0;
		};
/* End PBXSourcesBuildPhase section */

/* Begin PBXTargetDependency section */
		AC2A025A1D0F31D60010C952 /* PBXTargetDependency */ = {
			isa = PBXTargetDependency;
			target = AC2A023B1D0F31D60010C952 /* Project3 */;
			targetProxy = AC2A02591D0F31D60010C952 /* PBXContainerItemProxy */;
		};
		AC2A02651D0F31D60010C952 /* PBXTargetDependency */ = {
			isa = PBXTargetDependency;
			target = AC2A023B1D0F31D60010C952 /* Project3 */;
			targetProxy = AC2A02641D0F31D60010C952 /* PBXContainerItemProxy */;
		};
/* End PBXTargetDependency section */

/* Begin PBXVariantGroup section */
		AC2A024B1D0F31D60010C952 /* Main.storyboard */ = {
			isa = PBXVariantGroup;
			children = (
				AC2A024C1D0F31D60010C952 /* Base */,
			);
			name = Main.storyboard;
			sourceTree = "<group>";
		};
		AC2A02501D0F31D60010C952 /* LaunchScreen.storyboard */ = {
			isa = PBXVariantGroup;
			children = (
				AC2A02511D0F31D60010C952 /* Base */,
			);
			name = LaunchScreen.storyboard;
			sourceTree = "<group>";
		};
/* End PBXVariantGroup section */

/* Begin XCBuildConfiguration section */
		AC2A026A1D0F31D60010C952 /* Debug */ = {
			isa = XCBuildConfiguration;
			buildSettings = {
				ALWAYS_SEARCH_USER_PATHS = NO;
				CLANG_ANALYZER_NONNULL = YES;
				CLANG_CXX_LANGUAGE_STANDARD = "gnu++0x";
				CLANG_CXX_LIBRARY = "libc++";
				CLANG_ENABLE_MODULES = YES;
				CLANG_ENABLE_OBJC_ARC = YES;
				CLANG_WARN_BOOL_CONVERSION = YES;
				CLANG_WARN_CONSTANT_CONVERSION = YES;
				CLANG_WARN_DIRECT_OBJC_ISA_USAGE = YES_ERROR;
				CLANG_WARN_EMPTY_BODY = YES;
				CLANG_WARN_ENUM_CONVERSION = YES;
				CLANG_WARN_INT_CONVERSION = YES;
				CLANG_WARN_OBJC_ROOT_CLASS = YES_ERROR;
				CLANG_WARN_UNREACHABLE_CODE = YES;
				CLANG_WARN__DUPLICATE_METHOD_MATCH = YES;
				"CODE_SIGN_IDENTITY[sdk=iphoneos*]" = "iPhone Developer";
				COPY_PHASE_STRIP = NO;
				DEBUG_INFORMATION_FORMAT = dwarf;
				ENABLE_STRICT_OBJC_MSGSEND = YES;
				ENABLE_TESTABILITY = YES;
				GCC_C_LANGUAGE_STANDARD = gnu99;
				GCC_DYNAMIC_NO_PIC = NO;
				GCC_NO_COMMON_BLOCKS = YES;
				GCC_OPTIMIZATION_LEVEL = 0;
				GCC_PREPROCESSOR_DEFINITIONS = (
					"DEBUG=1",
					"$(inherited)",
				);
				GCC_WARN_64_TO_32_BIT_CONVERSION = YES;
				GCC_WARN_ABOUT_RETURN_TYPE = YES_ERROR;
				GCC_WARN_UNDECLARED_SELECTOR = YES;
				GCC_WARN_UNINITIALIZED_AUTOS = YES_AGGRESSIVE;
				GCC_WARN_UNUSED_FUNCTION = YES;
				GCC_WARN_UNUSED_VARIABLE = YES;
				IPHONEOS_DEPLOYMENT_TARGET = 9.3;
				MTL_ENABLE_DEBUG_INFO = YES;
				ONLY_ACTIVE_ARCH = YES;
				SDKROOT = iphoneos;
				TARGETED_DEVICE_FAMILY = "1,2";
			};
			name = Debug;
		};
		AC2A026B1D0F31D60010C952 /* Release */ = {
			isa = XCBuildConfiguration;
			buildSettings = {
				ALWAYS_SEARCH_USER_PATHS = NO;
				CLANG_ANALYZER_NONNULL = YES;
				CLANG_CXX_LANGUAGE_STANDARD = "gnu++0x";
				CLANG_CXX_LIBRARY = "libc++";
				CLANG_ENABLE_MODULES = YES;
				CLANG_ENABLE_OBJC_ARC = YES;
				CLANG_WARN_BOOL_CONVERSION = YES;
				CLANG_WARN_CONSTANT_CONVERSION = YES;
				CLANG_WARN_DIRECT_OBJC_ISA_USAGE = YES_ERROR;
				CLANG_WARN_EMPTY_BODY = YES;
				CLANG_WARN_ENUM_CONVERSION = YES;
				CLANG_WARN_INT_CONVERSION = YES;
				CLANG_WARN_OBJC_ROOT_CLASS = YES_ERROR;
				CLANG_WARN_UNREACHABLE_CODE = YES;
				CLANG_WARN__DUPLICATE_METHOD_MATCH = YES;
				"CODE_SIGN_IDENTITY[sdk=iphoneos*]" = "iPhone Developer";
				COPY_PHASE_STRIP = NO;
				DEBUG_INFORMATION_FORMAT = "dwarf-with-dsym";
				ENABLE_NS_ASSERTIONS = NO;
				ENABLE_STRICT_OBJC_MSGSEND = YES;
				GCC_C_LANGUAGE_STANDARD = gnu99;
				GCC_NO_COMMON_BLOCKS = YES;
				GCC_WARN_64_TO_32_BIT_CONVERSION = YES;
				GCC_WARN_ABOUT_RETURN_TYPE = YES_ERROR;
				GCC_WARN_UNDECLARED_SELECTOR = YES;
				GCC_WARN_UNINITIALIZED_AUTOS = YES_AGGRESSIVE;
				GCC_WARN_UNUSED_FUNCTION = YES;
				GCC_WARN_UNUSED_VARIABLE = YES;
				IPHONEOS_DEPLOYMENT_TARGET = 9.3;
				MTL_ENABLE_DEBUG_INFO = NO;
				SDKROOT = iphoneos;
				TARGETED_DEVICE_FAMILY = "1,2";
				VALIDATE_PRODUCT = YES;
			};
			name = Release;
		};
		AC2A026D1D0F31D60010C952 /* Debug */ = {
			isa = XCBuildConfiguration;
			buildSettings = {
				ASSETCATALOG_COMPILER_APPICON_NAME = AppIcon;
				INFOPLIST_FILE = Project3/Info.plist;
				LD_RUNPATH_SEARCH_PATHS = "$(inherited) @executable_path/Frameworks";
				PRODUCT_BUNDLE_IDENTIFIER = nick.Project3;
				PRODUCT_NAME = "$(TARGET_NAME)";
			};
			name = Debug;
		};
		AC2A026E1D0F31D60010C952 /* Release */ = {
			isa = XCBuildConfiguration;
			buildSettings = {
				ASSETCATALOG_COMPILER_APPICON_NAME = AppIcon;
				INFOPLIST_FILE = Project3/Info.plist;
				LD_RUNPATH_SEARCH_PATHS = "$(inherited) @executable_path/Frameworks";
				PRODUCT_BUNDLE_IDENTIFIER = nick.Project3;
				PRODUCT_NAME = "$(TARGET_NAME)";
			};
			name = Release;
		};
		AC2A02701D0F31D60010C952 /* Debug */ = {
			isa = XCBuildConfiguration;
			buildSettings = {
				BUNDLE_LOADER = "$(TEST_HOST)";
				INFOPLIST_FILE = Project3Tests/Info.plist;
				LD_RUNPATH_SEARCH_PATHS = "$(inherited) @executable_path/Frameworks @loader_path/Frameworks";
				PRODUCT_BUNDLE_IDENTIFIER = nick.Project3Tests;
				PRODUCT_NAME = "$(TARGET_NAME)";
				TEST_HOST = "$(BUILT_PRODUCTS_DIR)/Project3.app/Project3";
			};
			name = Debug;
		};
		AC2A02711D0F31D60010C952 /* Release */ = {
			isa = XCBuildConfiguration;
			buildSettings = {
				BUNDLE_LOADER = "$(TEST_HOST)";
				INFOPLIST_FILE = Project3Tests/Info.plist;
				LD_RUNPATH_SEARCH_PATHS = "$(inherited) @executable_path/Frameworks @loader_path/Frameworks";
				PRODUCT_BUNDLE_IDENTIFIER = nick.Project3Tests;
				PRODUCT_NAME = "$(TARGET_NAME)";
				TEST_HOST = "$(BUILT_PRODUCTS_DIR)/Project3.app/Project3";
			};
			name = Release;
		};
		AC2A02731D0F31D60010C952 /* Debug */ = {
			isa = XCBuildConfiguration;
			buildSettings = {
				INFOPLIST_FILE = Project3UITests/Info.plist;
				LD_RUNPATH_SEARCH_PATHS = "$(inherited) @executable_path/Frameworks @loader_path/Frameworks";
				PRODUCT_BUNDLE_IDENTIFIER = nick.Project3UITests;
				PRODUCT_NAME = "$(TARGET_NAME)";
				TEST_TARGET_NAME = Project3;
			};
			name = Debug;
		};
		AC2A02741D0F31D60010C952 /* Release */ = {
			isa = XCBuildConfiguration;
			buildSettings = {
				INFOPLIST_FILE = Project3UITests/Info.plist;
				LD_RUNPATH_SEARCH_PATHS = "$(inherited) @executable_path/Frameworks @loader_path/Frameworks";
				PRODUCT_BUNDLE_IDENTIFIER = nick.Project3UITests;
				PRODUCT_NAME = "$(TARGET_NAME)";
				TEST_TARGET_NAME = Project3;
			};
			name = Release;
		};
/* End XCBuildConfiguration section */

/* Begin XCConfigurationList section */
		AC2A02371D0F31D60010C952 /* Build configuration list for PBXProject "Project3" */ = {
			isa = XCConfigurationList;
			buildConfigurations = (
				AC2A026A1D0F31D60010C952 /* Debug */,
				AC2A026B1D0F31D60010C952 /* Release */,
			);
			defaultConfigurationIsVisible = 0;
			defaultConfigurationName = Release;
		};
		AC2A026C1D0F31D60010C952 /* Build configuration list for PBXNativeTarget "Project3" */ = {
			isa = XCConfigurationList;
			buildConfigurations = (
				AC2A026D1D0F31D60010C952 /* Debug */,
				AC2A026E1D0F31D60010C952 /* Release */,
			);
			defaultConfigurationIsVisible = 0;
			defaultConfigurationName = Release;
		};
		AC2A026F1D0F31D60010C952 /* Build configuration list for PBXNativeTarget "Project3Tests" */ = {
			isa = XCConfigurationList;
			buildConfigurations = (
				AC2A02701D0F31D60010C952 /* Debug */,
				AC2A02711D0F31D60010C952 /* Release */,
			);
			defaultConfigurationIsVisible = 0;
			defaultConfigurationName = Release;
		};
		AC2A02721D0F31D60010C952 /* Build configuration list for PBXNativeTarget "Project3UITests" */ = {
			isa = XCConfigurationList;
			buildConfigurations = (
				AC2A02731D0F31D60010C952 /* Debug */,
				AC2A02741D0F31D60010C952 /* Release */,
			);
			defaultConfigurationIsVisible = 0;
			defaultConfigurationName = Release;
		};
/* End XCConfigurationList section */
	};
	rootObject = AC2A02341D0F31D60010C952 /* Project object */;
}
